// !$*UTF8*$!
{
	archiveVersion = 1;
	classes = {
	};
	objectVersion = 55;
	objects = {

/* Begin PBXBuildFile section */
		2A02BC372984306E00401FF5 /* leet-MinimumAddtoMakeParenthesesValid.swift in Sources */ = {isa = PBXBuildFile; fileRef = 2A02BC362984306E00401FF5 /* leet-MinimumAddtoMakeParenthesesValid.swift */; };
		2A02BC3929845C6300401FF5 /* leet-IntegerBreak.swift in Sources */ = {isa = PBXBuildFile; fileRef = 2A02BC3829845C6300401FF5 /* leet-IntegerBreak.swift */; };
		2A02BC3B298500B000401FF5 /* leet-MinimumDominoRotationsForEqualRow.swift in Sources */ = {isa = PBXBuildFile; fileRef = 2A02BC3A298500B000401FF5 /* leet-MinimumDominoRotationsForEqualRow.swift */; };
		2A02BC3D29854FF500401FF5 /* leet-ClosestDivisors.swift in Sources */ = {isa = PBXBuildFile; fileRef = 2A02BC3C29854FF500401FF5 /* leet-ClosestDivisors.swift */; };
		2A02BC3F298E019300401FF5 /* programmers_makePrime.swift in Sources */ = {isa = PBXBuildFile; fileRef = 2A02BC3E298E019300401FF5 /* programmers_makePrime.swift */; };
		2A02BC4129976A8400401FF5 /* programmers_budget.swift in Sources */ = {isa = PBXBuildFile; fileRef = 2A02BC4029976A8400401FF5 /* programmers_budget.swift */; };
		2A02BC4329A0742B00401FF5 /* programmers_lottos.swift in Sources */ = {isa = PBXBuildFile; fileRef = 2A02BC4229A0742B00401FF5 /* programmers_lottos.swift */; };
		2A02BC4529A0744200401FF5 /* programmers_jump.swift in Sources */ = {isa = PBXBuildFile; fileRef = 2A02BC4429A0744200401FF5 /* programmers_jump.swift */; };
		2A02BC4729A07EB600401FF5 /* programmers_matrixFlip.swift in Sources */ = {isa = PBXBuildFile; fileRef = 2A02BC4629A07EB600401FF5 /* programmers_matrixFlip.swift */; };
		2A3D69BC287E896E00FBD21C /* programmersGymSuit.swift in Sources */ = {isa = PBXBuildFile; fileRef = 2A3D69BB287E896E00FBD21C /* programmersGymSuit.swift */; };
		2A3D69C028812FBD00FBD21C /* baek_5691.swift in Sources */ = {isa = PBXBuildFile; fileRef = 2A3D69BF28812FBD00FBD21C /* baek_5691.swift */; };
		2A3D69C22881381F00FBD21C /* baek_10871.swift in Sources */ = {isa = PBXBuildFile; fileRef = 2A3D69C12881381F00FBD21C /* baek_10871.swift */; };
		2A40D3CE296F07B2004342F6 /* leet_minimun.swift in Sources */ = {isa = PBXBuildFile; fileRef = 2A40D3CD296F07B1004342F6 /* leet_minimun.swift */; };
		2A4669CE29B8AC1F003A0943 /* baek_1157.swift in Sources */ = {isa = PBXBuildFile; fileRef = 2A4669CD29B8AC1F003A0943 /* baek_1157.swift */; };
		2A4669D029B8B9E8003A0943 /* baek_2292.swift in Sources */ = {isa = PBXBuildFile; fileRef = 2A4669CF29B8B9E8003A0943 /* baek_2292.swift */; };
		2A4669D229C29208003A0943 /* baek_11723.swift in Sources */ = {isa = PBXBuildFile; fileRef = 2A4669D129C29208003A0943 /* baek_11723.swift */; };
		2A4669D429C2A755003A0943 /* baek_9655.swift in Sources */ = {isa = PBXBuildFile; fileRef = 2A4669D329C2A755003A0943 /* baek_9655.swift */; };
		2A6003AB2854D4A500D17A88 /* baek_5639.swift in Sources */ = {isa = PBXBuildFile; fileRef = 2A6003AA2854D4A500D17A88 /* baek_5639.swift */; };
		2A6003DC286C979300D17A88 /* leet_PalindromeNumber.swift in Sources */ = {isa = PBXBuildFile; fileRef = 2A6003DB286C979300D17A88 /* leet_PalindromeNumber.swift */; };
		2A6003DE286C995900D17A88 /* baek_10951.swift in Sources */ = {isa = PBXBuildFile; fileRef = 2A6003DD286C995900D17A88 /* baek_10951.swift */; };
		2A6004222874695F00D17A88 /* leet_Roman to Integer.swift in Sources */ = {isa = PBXBuildFile; fileRef = 2A6004212874695F00D17A88 /* leet_Roman to Integer.swift */; };
		2A89D9FD29724D7D0052D68F /* leet_MinimunNumberofOperation.swift in Sources */ = {isa = PBXBuildFile; fileRef = 2A89D9FC29724D7D0052D68F /* leet_MinimunNumberofOperation.swift */; };
		2A8A33CF284080E5006DF1D9 /* main.swift in Sources */ = {isa = PBXBuildFile; fileRef = 2A8A33CE284080E5006DF1D9 /* main.swift */; };
		2A8A33D628460996006DF1D9 /* baek_1931.swift in Sources */ = {isa = PBXBuildFile; fileRef = 2A8A33D528460996006DF1D9 /* baek_1931.swift */; };
		2A8A33DA2848B8A7006DF1D9 /* baek_2884.swift in Sources */ = {isa = PBXBuildFile; fileRef = 2A8A33D92848B8A7006DF1D9 /* baek_2884.swift */; };
		2A8A33DC2848BB7B006DF1D9 /* baek_2480.swift in Sources */ = {isa = PBXBuildFile; fileRef = 2A8A33DB2848BB7B006DF1D9 /* baek_2480.swift */; };
		2A8A33DE2848BD45006DF1D9 /* programmers1.swift in Sources */ = {isa = PBXBuildFile; fileRef = 2A8A33DD2848BD45006DF1D9 /* programmers1.swift */; };
		2A8A33E02848C085006DF1D9 /* leetcodeTwoSum.swift in Sources */ = {isa = PBXBuildFile; fileRef = 2A8A33DF2848C085006DF1D9 /* leetcodeTwoSum.swift */; };
		2A8A33E2285065B6006DF1D9 /* baek_2869.swift in Sources */ = {isa = PBXBuildFile; fileRef = 2A8A33E1285065B6006DF1D9 /* baek_2869.swift */; };
		2A8A33E828506DED006DF1D9 /* baek_9251.swift in Sources */ = {isa = PBXBuildFile; fileRef = 2A8A33E728506DED006DF1D9 /* baek_9251.swift */; };
		2A8A33EA28506E0D006DF1D9 /* baek_2309.swift in Sources */ = {isa = PBXBuildFile; fileRef = 2A8A33E928506E0D006DF1D9 /* baek_2309.swift */; };
		2A8A33EC28530C26006DF1D9 /* baek_10872.swift in Sources */ = {isa = PBXBuildFile; fileRef = 2A8A33EB28530C26006DF1D9 /* baek_10872.swift */; };
		2A8A33EE28531030006DF1D9 /* baek_1546.swift in Sources */ = {isa = PBXBuildFile; fileRef = 2A8A33ED28531030006DF1D9 /* baek_1546.swift */; };
		2ABE77B22968945D000BDC30 /* leet_IntegerToRoman.swift in Sources */ = {isa = PBXBuildFile; fileRef = 2ABE77B12968945D000BDC30 /* leet_IntegerToRoman.swift */; };
		2AE7E8872886EF2000B46581 /* baek_4673.swift in Sources */ = {isa = PBXBuildFile; fileRef = 2AE7E8862886EF2000B46581 /* baek_4673.swift */; };
		2AE7E8892888134D00B46581 /* baek_1476.swift in Sources */ = {isa = PBXBuildFile; fileRef = 2AE7E8882888134D00B46581 /* baek_1476.swift */; };
		2AEFB392289E573300B6E12D /* programmersTest.swift in Sources */ = {isa = PBXBuildFile; fileRef = 2AEFB391289E573300B6E12D /* programmersTest.swift */; };
		2AF022BB29AF640D00038DDE /* baek_23971.swift in Sources */ = {isa = PBXBuildFile; fileRef = 2AF022BA29AF640D00038DDE /* baek_23971.swift */; };
		2AF022BD29AF6F7C00038DDE /* baek_5073.swift in Sources */ = {isa = PBXBuildFile; fileRef = 2AF022BC29AF6F7C00038DDE /* baek_5073.swift */; };
/* End PBXBuildFile section */

/* Begin PBXCopyFilesBuildPhase section */
		2A8A33C9284080E5006DF1D9 /* CopyFiles */ = {
			isa = PBXCopyFilesBuildPhase;
			buildActionMask = 2147483647;
			dstPath = /usr/share/man/man1/;
			dstSubfolderSpec = 0;
			files = (
			);
			runOnlyForDeploymentPostprocessing = 1;
		};
/* End PBXCopyFilesBuildPhase section */

/* Begin PBXFileReference section */
		2A02BC362984306E00401FF5 /* leet-MinimumAddtoMakeParenthesesValid.swift */ = {isa = PBXFileReference; lastKnownFileType = sourcecode.swift; path = "leet-MinimumAddtoMakeParenthesesValid.swift"; sourceTree = "<group>"; };
		2A02BC3829845C6300401FF5 /* leet-IntegerBreak.swift */ = {isa = PBXFileReference; lastKnownFileType = sourcecode.swift; path = "leet-IntegerBreak.swift"; sourceTree = "<group>"; };
		2A02BC3A298500B000401FF5 /* leet-MinimumDominoRotationsForEqualRow.swift */ = {isa = PBXFileReference; lastKnownFileType = sourcecode.swift; path = "leet-MinimumDominoRotationsForEqualRow.swift"; sourceTree = "<group>"; };
		2A02BC3C29854FF500401FF5 /* leet-ClosestDivisors.swift */ = {isa = PBXFileReference; lastKnownFileType = sourcecode.swift; path = "leet-ClosestDivisors.swift"; sourceTree = "<group>"; };
		2A02BC3E298E019300401FF5 /* programmers_makePrime.swift */ = {isa = PBXFileReference; lastKnownFileType = sourcecode.swift; path = programmers_makePrime.swift; sourceTree = "<group>"; };
		2A02BC4029976A8400401FF5 /* programmers_budget.swift */ = {isa = PBXFileReference; lastKnownFileType = sourcecode.swift; path = programmers_budget.swift; sourceTree = "<group>"; };
		2A02BC4229A0742B00401FF5 /* programmers_lottos.swift */ = {isa = PBXFileReference; lastKnownFileType = sourcecode.swift; path = programmers_lottos.swift; sourceTree = "<group>"; };
		2A02BC4429A0744200401FF5 /* programmers_jump.swift */ = {isa = PBXFileReference; lastKnownFileType = sourcecode.swift; path = programmers_jump.swift; sourceTree = "<group>"; };
		2A02BC4629A07EB600401FF5 /* programmers_matrixFlip.swift */ = {isa = PBXFileReference; lastKnownFileType = sourcecode.swift; path = programmers_matrixFlip.swift; sourceTree = "<group>"; };
		2A3D69BB287E896E00FBD21C /* programmersGymSuit.swift */ = {isa = PBXFileReference; lastKnownFileType = sourcecode.swift; path = programmersGymSuit.swift; sourceTree = "<group>"; };
		2A3D69BF28812FBD00FBD21C /* baek_5691.swift */ = {isa = PBXFileReference; lastKnownFileType = sourcecode.swift; path = baek_5691.swift; sourceTree = "<group>"; };
		2A3D69C12881381F00FBD21C /* baek_10871.swift */ = {isa = PBXFileReference; lastKnownFileType = sourcecode.swift; path = baek_10871.swift; sourceTree = "<group>"; };
		2A40D3CD296F07B1004342F6 /* leet_minimun.swift */ = {isa = PBXFileReference; lastKnownFileType = sourcecode.swift; path = leet_minimun.swift; sourceTree = "<group>"; };
		2A4669CD29B8AC1F003A0943 /* baek_1157.swift */ = {isa = PBXFileReference; lastKnownFileType = sourcecode.swift; path = baek_1157.swift; sourceTree = "<group>"; };
		2A4669CF29B8B9E8003A0943 /* baek_2292.swift */ = {isa = PBXFileReference; lastKnownFileType = sourcecode.swift; path = baek_2292.swift; sourceTree = "<group>"; };
		2A4669D129C29208003A0943 /* baek_11723.swift */ = {isa = PBXFileReference; lastKnownFileType = sourcecode.swift; path = baek_11723.swift; sourceTree = "<group>"; };
		2A4669D329C2A755003A0943 /* baek_9655.swift */ = {isa = PBXFileReference; lastKnownFileType = sourcecode.swift; path = baek_9655.swift; sourceTree = "<group>"; };
		2A6003AA2854D4A500D17A88 /* baek_5639.swift */ = {isa = PBXFileReference; lastKnownFileType = sourcecode.swift; path = baek_5639.swift; sourceTree = "<group>"; };
		2A6003DB286C979300D17A88 /* leet_PalindromeNumber.swift */ = {isa = PBXFileReference; lastKnownFileType = sourcecode.swift; path = leet_PalindromeNumber.swift; sourceTree = "<group>"; };
		2A6003DD286C995900D17A88 /* baek_10951.swift */ = {isa = PBXFileReference; lastKnownFileType = sourcecode.swift; path = baek_10951.swift; sourceTree = "<group>"; };
		2A6004212874695F00D17A88 /* leet_Roman to Integer.swift */ = {isa = PBXFileReference; lastKnownFileType = sourcecode.swift; path = "leet_Roman to Integer.swift"; sourceTree = "<group>"; };
		2A89D9FC29724D7D0052D68F /* leet_MinimunNumberofOperation.swift */ = {isa = PBXFileReference; lastKnownFileType = sourcecode.swift; path = leet_MinimunNumberofOperation.swift; sourceTree = "<group>"; };
		2A8A33CB284080E5006DF1D9 /* algorithm */ = {isa = PBXFileReference; explicitFileType = "compiled.mach-o.executable"; includeInIndex = 0; path = algorithm; sourceTree = BUILT_PRODUCTS_DIR; };
		2A8A33CE284080E5006DF1D9 /* main.swift */ = {isa = PBXFileReference; lastKnownFileType = sourcecode.swift; path = main.swift; sourceTree = "<group>"; };
		2A8A33D528460996006DF1D9 /* baek_1931.swift */ = {isa = PBXFileReference; lastKnownFileType = sourcecode.swift; path = baek_1931.swift; sourceTree = "<group>"; };
		2A8A33D92848B8A7006DF1D9 /* baek_2884.swift */ = {isa = PBXFileReference; lastKnownFileType = sourcecode.swift; path = baek_2884.swift; sourceTree = "<group>"; };
		2A8A33DB2848BB7B006DF1D9 /* baek_2480.swift */ = {isa = PBXFileReference; lastKnownFileType = sourcecode.swift; path = baek_2480.swift; sourceTree = "<group>"; };
		2A8A33DD2848BD45006DF1D9 /* programmers1.swift */ = {isa = PBXFileReference; lastKnownFileType = sourcecode.swift; path = programmers1.swift; sourceTree = "<group>"; };
		2A8A33DF2848C085006DF1D9 /* leetcodeTwoSum.swift */ = {isa = PBXFileReference; lastKnownFileType = sourcecode.swift; path = leetcodeTwoSum.swift; sourceTree = "<group>"; };
		2A8A33E1285065B6006DF1D9 /* baek_2869.swift */ = {isa = PBXFileReference; lastKnownFileType = sourcecode.swift; path = baek_2869.swift; sourceTree = "<group>"; };
		2A8A33E728506DED006DF1D9 /* baek_9251.swift */ = {isa = PBXFileReference; lastKnownFileType = sourcecode.swift; path = baek_9251.swift; sourceTree = "<group>"; };
		2A8A33E928506E0D006DF1D9 /* baek_2309.swift */ = {isa = PBXFileReference; lastKnownFileType = sourcecode.swift; path = baek_2309.swift; sourceTree = "<group>"; };
		2A8A33EB28530C26006DF1D9 /* baek_10872.swift */ = {isa = PBXFileReference; lastKnownFileType = sourcecode.swift; path = baek_10872.swift; sourceTree = "<group>"; };
		2A8A33ED28531030006DF1D9 /* baek_1546.swift */ = {isa = PBXFileReference; lastKnownFileType = sourcecode.swift; path = baek_1546.swift; sourceTree = "<group>"; };
		2ABE77B12968945D000BDC30 /* leet_IntegerToRoman.swift */ = {isa = PBXFileReference; lastKnownFileType = sourcecode.swift; path = leet_IntegerToRoman.swift; sourceTree = "<group>"; };
		2AE7E8862886EF2000B46581 /* baek_4673.swift */ = {isa = PBXFileReference; lastKnownFileType = sourcecode.swift; path = baek_4673.swift; sourceTree = "<group>"; };
		2AE7E8882888134D00B46581 /* baek_1476.swift */ = {isa = PBXFileReference; lastKnownFileType = sourcecode.swift; path = baek_1476.swift; sourceTree = "<group>"; };
		2AEFB391289E573300B6E12D /* programmersTest.swift */ = {isa = PBXFileReference; lastKnownFileType = sourcecode.swift; path = programmersTest.swift; sourceTree = "<group>"; };
		2AF022BA29AF640D00038DDE /* baek_23971.swift */ = {isa = PBXFileReference; lastKnownFileType = sourcecode.swift; path = baek_23971.swift; sourceTree = "<group>"; };
		2AF022BC29AF6F7C00038DDE /* baek_5073.swift */ = {isa = PBXFileReference; lastKnownFileType = sourcecode.swift; path = baek_5073.swift; sourceTree = "<group>"; };
/* End PBXFileReference section */

/* Begin PBXFrameworksBuildPhase section */
		2A8A33C8284080E5006DF1D9 /* Frameworks */ = {
			isa = PBXFrameworksBuildPhase;
			buildActionMask = 2147483647;
			files = (
			);
			runOnlyForDeploymentPostprocessing = 0;
		};
/* End PBXFrameworksBuildPhase section */

/* Begin PBXGroup section */
		2A8A33C2284080E5006DF1D9 = {
			isa = PBXGroup;
			children = (
				2A8A33CD284080E5006DF1D9 /* algorithm */,
				2A8A33CC284080E5006DF1D9 /* Products */,
			);
			sourceTree = "<group>";
		};
		2A8A33CC284080E5006DF1D9 /* Products */ = {
			isa = PBXGroup;
			children = (
				2A8A33CB284080E5006DF1D9 /* algorithm */,
			);
			name = Products;
			sourceTree = "<group>";
		};
		2A8A33CD284080E5006DF1D9 /* algorithm */ = {
			isa = PBXGroup;
			children = (
				2A8A33CE284080E5006DF1D9 /* main.swift */,
				2ABE77B12968945D000BDC30 /* leet_IntegerToRoman.swift */,
				2A8A33DB2848BB7B006DF1D9 /* baek_2480.swift */,
				2A8A33D528460996006DF1D9 /* baek_1931.swift */,
				2A8A33D92848B8A7006DF1D9 /* baek_2884.swift */,
				2A8A33DD2848BD45006DF1D9 /* programmers1.swift */,
				2A8A33DF2848C085006DF1D9 /* leetcodeTwoSum.swift */,
				2A8A33E1285065B6006DF1D9 /* baek_2869.swift */,
				2A8A33E728506DED006DF1D9 /* baek_9251.swift */,
				2A8A33E928506E0D006DF1D9 /* baek_2309.swift */,
				2A8A33EB28530C26006DF1D9 /* baek_10872.swift */,
				2A8A33ED28531030006DF1D9 /* baek_1546.swift */,
				2A6003AA2854D4A500D17A88 /* baek_5639.swift */,
				2A6003DB286C979300D17A88 /* leet_PalindromeNumber.swift */,
				2A6003DD286C995900D17A88 /* baek_10951.swift */,
				2A6004212874695F00D17A88 /* leet_Roman to Integer.swift */,
				2A3D69BB287E896E00FBD21C /* programmersGymSuit.swift */,
				2A3D69BF28812FBD00FBD21C /* baek_5691.swift */,
				2A3D69C12881381F00FBD21C /* baek_10871.swift */,
				2AE7E8862886EF2000B46581 /* baek_4673.swift */,
				2AE7E8882888134D00B46581 /* baek_1476.swift */,
				2AEFB391289E573300B6E12D /* programmersTest.swift */,
				2A40D3CD296F07B1004342F6 /* leet_minimun.swift */,
				2A89D9FC29724D7D0052D68F /* leet_MinimunNumberofOperation.swift */,
				2A02BC362984306E00401FF5 /* leet-MinimumAddtoMakeParenthesesValid.swift */,
				2A02BC3829845C6300401FF5 /* leet-IntegerBreak.swift */,
				2A02BC3A298500B000401FF5 /* leet-MinimumDominoRotationsForEqualRow.swift */,
				2A02BC3C29854FF500401FF5 /* leet-ClosestDivisors.swift */,
				2A02BC3E298E019300401FF5 /* programmers_makePrime.swift */,
				2A02BC4029976A8400401FF5 /* programmers_budget.swift */,
				2A02BC4229A0742B00401FF5 /* programmers_lottos.swift */,
				2A02BC4429A0744200401FF5 /* programmers_jump.swift */,
				2A02BC4629A07EB600401FF5 /* programmers_matrixFlip.swift */,
				2AF022BA29AF640D00038DDE /* baek_23971.swift */,
				2AF022BC29AF6F7C00038DDE /* baek_5073.swift */,
				2A4669CD29B8AC1F003A0943 /* baek_1157.swift */,
				2A4669CF29B8B9E8003A0943 /* baek_2292.swift */,
				2A4669D129C29208003A0943 /* baek_11723.swift */,
				2A4669D329C2A755003A0943 /* baek_9655.swift */,
			);
			path = algorithm;
			sourceTree = "<group>";
		};
/* End PBXGroup section */

/* Begin PBXNativeTarget section */
		2A8A33CA284080E5006DF1D9 /* algorithm */ = {
			isa = PBXNativeTarget;
			buildConfigurationList = 2A8A33D2284080E5006DF1D9 /* Build configuration list for PBXNativeTarget "algorithm" */;
			buildPhases = (
				2A8A33C7284080E5006DF1D9 /* Sources */,
				2A8A33C8284080E5006DF1D9 /* Frameworks */,
				2A8A33C9284080E5006DF1D9 /* CopyFiles */,
			);
			buildRules = (
			);
			dependencies = (
			);
			name = algorithm;
			productName = algorithm;
			productReference = 2A8A33CB284080E5006DF1D9 /* algorithm */;
			productType = "com.apple.product-type.tool";
		};
/* End PBXNativeTarget section */

/* Begin PBXProject section */
		2A8A33C3284080E5006DF1D9 /* Project object */ = {
			isa = PBXProject;
			attributes = {
				BuildIndependentTargetsInParallel = 1;
				LastSwiftUpdateCheck = 1330;
				LastUpgradeCheck = 1400;
				TargetAttributes = {
					2A8A33CA284080E5006DF1D9 = {
						CreatedOnToolsVersion = 13.3;
					};
				};
			};
			buildConfigurationList = 2A8A33C6284080E5006DF1D9 /* Build configuration list for PBXProject "algorithm" */;
			compatibilityVersion = "Xcode 13.0";
			developmentRegion = en;
			hasScannedForEncodings = 0;
			knownRegions = (
				en,
				Base,
			);
			mainGroup = 2A8A33C2284080E5006DF1D9;
			productRefGroup = 2A8A33CC284080E5006DF1D9 /* Products */;
			projectDirPath = "";
			projectRoot = "";
			targets = (
				2A8A33CA284080E5006DF1D9 /* algorithm */,
			);
		};
/* End PBXProject section */

/* Begin PBXSourcesBuildPhase section */
		2A8A33C7284080E5006DF1D9 /* Sources */ = {
			isa = PBXSourcesBuildPhase;
			buildActionMask = 2147483647;
			files = (
				2A02BC4129976A8400401FF5 /* programmers_budget.swift in Sources */,
				2AF022BB29AF640D00038DDE /* baek_23971.swift in Sources */,
				2AE7E8872886EF2000B46581 /* baek_4673.swift in Sources */,
				2A3D69C22881381F00FBD21C /* baek_10871.swift in Sources */,
				2AF022BD29AF6F7C00038DDE /* baek_5073.swift in Sources */,
				2A8A33DE2848BD45006DF1D9 /* programmers1.swift in Sources */,
				2A02BC3B298500B000401FF5 /* leet-MinimumDominoRotationsForEqualRow.swift in Sources */,
				2ABE77B22968945D000BDC30 /* leet_IntegerToRoman.swift in Sources */,
				2A6003DE286C995900D17A88 /* baek_10951.swift in Sources */,
				2AEFB392289E573300B6E12D /* programmersTest.swift in Sources */,
				2A8A33EA28506E0D006DF1D9 /* baek_2309.swift in Sources */,
				2A8A33E2285065B6006DF1D9 /* baek_2869.swift in Sources */,
				2A3D69BC287E896E00FBD21C /* programmersGymSuit.swift in Sources */,
				2A8A33E02848C085006DF1D9 /* leetcodeTwoSum.swift in Sources */,
				2A02BC3929845C6300401FF5 /* leet-IntegerBreak.swift in Sources */,
				2A4669D029B8B9E8003A0943 /* baek_2292.swift in Sources */,
				2A8A33EE28531030006DF1D9 /* baek_1546.swift in Sources */,
				2A02BC4329A0742B00401FF5 /* programmers_lottos.swift in Sources */,
				2A4669D429C2A755003A0943 /* baek_9655.swift in Sources */,
				2A89D9FD29724D7D0052D68F /* leet_MinimunNumberofOperation.swift in Sources */,
				2A4669D229C29208003A0943 /* baek_11723.swift in Sources */,
				2A8A33D628460996006DF1D9 /* baek_1931.swift in Sources */,
				2A6004222874695F00D17A88 /* leet_Roman to Integer.swift in Sources */,
				2A8A33CF284080E5006DF1D9 /* main.swift in Sources */,
				2A8A33E828506DED006DF1D9 /* baek_9251.swift in Sources */,
				2A8A33EC28530C26006DF1D9 /* baek_10872.swift in Sources */,
				2A8A33DC2848BB7B006DF1D9 /* baek_2480.swift in Sources */,
				2A40D3CE296F07B2004342F6 /* leet_minimun.swift in Sources */,
				2A02BC3F298E019300401FF5 /* programmers_makePrime.swift in Sources */,
				2A4669CE29B8AC1F003A0943 /* baek_1157.swift in Sources */,
				2A02BC372984306E00401FF5 /* leet-MinimumAddtoMakeParenthesesValid.swift in Sources */,
				2A8A33DA2848B8A7006DF1D9 /* baek_2884.swift in Sources */,
				2A6003AB2854D4A500D17A88 /* baek_5639.swift in Sources */,
				2A02BC4529A0744200401FF5 /* programmers_jump.swift in Sources */,
				2A02BC3D29854FF500401FF5 /* leet-ClosestDivisors.swift in Sources */,
				2A6003DC286C979300D17A88 /* leet_PalindromeNumber.swift in Sources */,
				2A02BC4729A07EB600401FF5 /* programmers_matrixFlip.swift in Sources */,
				2AE7E8892888134D00B46581 /* baek_1476.swift in Sources */,
				2A3D69C028812FBD00FBD21C /* baek_5691.swift in Sources */,
			);
			runOnlyForDeploymentPostprocessing = 0;
		};
/* End PBXSourcesBuildPhase section */

/* Begin XCBuildConfiguration section */
		2A8A33D0284080E5006DF1D9 /* Debug */ = {
			isa = XCBuildConfiguration;
			buildSettings = {
				ALWAYS_SEARCH_USER_PATHS = NO;
				CLANG_ANALYZER_NONNULL = YES;
				CLANG_ANALYZER_NUMBER_OBJECT_CONVERSION = YES_AGGRESSIVE;
				CLANG_CXX_LANGUAGE_STANDARD = "gnu++17";
				CLANG_ENABLE_MODULES = YES;
				CLANG_ENABLE_OBJC_ARC = YES;
				CLANG_ENABLE_OBJC_WEAK = YES;
				CLANG_WARN_BLOCK_CAPTURE_AUTORELEASING = YES;
				CLANG_WARN_BOOL_CONVERSION = YES;
				CLANG_WARN_COMMA = YES;
				CLANG_WARN_CONSTANT_CONVERSION = YES;
				CLANG_WARN_DEPRECATED_OBJC_IMPLEMENTATIONS = YES;
				CLANG_WARN_DIRECT_OBJC_ISA_USAGE = YES_ERROR;
				CLANG_WARN_DOCUMENTATION_COMMENTS = YES;
				CLANG_WARN_EMPTY_BODY = YES;
				CLANG_WARN_ENUM_CONVERSION = YES;
				CLANG_WARN_INFINITE_RECURSION = YES;
				CLANG_WARN_INT_CONVERSION = YES;
				CLANG_WARN_NON_LITERAL_NULL_CONVERSION = YES;
				CLANG_WARN_OBJC_IMPLICIT_RETAIN_SELF = YES;
				CLANG_WARN_OBJC_LITERAL_CONVERSION = YES;
				CLANG_WARN_OBJC_ROOT_CLASS = YES_ERROR;
				CLANG_WARN_QUOTED_INCLUDE_IN_FRAMEWORK_HEADER = YES;
				CLANG_WARN_RANGE_LOOP_ANALYSIS = YES;
				CLANG_WARN_STRICT_PROTOTYPES = YES;
				CLANG_WARN_SUSPICIOUS_MOVE = YES;
				CLANG_WARN_UNGUARDED_AVAILABILITY = YES_AGGRESSIVE;
				CLANG_WARN_UNREACHABLE_CODE = YES;
				CLANG_WARN__DUPLICATE_METHOD_MATCH = YES;
				COPY_PHASE_STRIP = NO;
				DEAD_CODE_STRIPPING = YES;
				DEBUG_INFORMATION_FORMAT = dwarf;
				ENABLE_STRICT_OBJC_MSGSEND = YES;
				ENABLE_TESTABILITY = YES;
				GCC_C_LANGUAGE_STANDARD = gnu11;
				GCC_DYNAMIC_NO_PIC = NO;
				GCC_NO_COMMON_BLOCKS = YES;
				GCC_OPTIMIZATION_LEVEL = 0;
				GCC_PREPROCESSOR_DEFINITIONS = (
					"DEBUG=1",
					"$(inherited)",
				);
				GCC_WARN_64_TO_32_BIT_CONVERSION = YES;
				GCC_WARN_ABOUT_RETURN_TYPE = YES_ERROR;
				GCC_WARN_UNDECLARED_SELECTOR = YES;
				GCC_WARN_UNINITIALIZED_AUTOS = YES_AGGRESSIVE;
				GCC_WARN_UNUSED_FUNCTION = YES;
				GCC_WARN_UNUSED_VARIABLE = YES;
				MACOSX_DEPLOYMENT_TARGET = 12.2;
				MTL_ENABLE_DEBUG_INFO = INCLUDE_SOURCE;
				MTL_FAST_MATH = YES;
				ONLY_ACTIVE_ARCH = YES;
				SDKROOT = macosx;
				SWIFT_ACTIVE_COMPILATION_CONDITIONS = DEBUG;
				SWIFT_OPTIMIZATION_LEVEL = "-Onone";
			};
			name = Debug;
		};
		2A8A33D1284080E5006DF1D9 /* Release */ = {
			isa = XCBuildConfiguration;
			buildSettings = {
				ALWAYS_SEARCH_USER_PATHS = NO;
				CLANG_ANALYZER_NONNULL = YES;
				CLANG_ANALYZER_NUMBER_OBJECT_CONVERSION = YES_AGGRESSIVE;
				CLANG_CXX_LANGUAGE_STANDARD = "gnu++17";
				CLANG_ENABLE_MODULES = YES;
				CLANG_ENABLE_OBJC_ARC = YES;
				CLANG_ENABLE_OBJC_WEAK = YES;
				CLANG_WARN_BLOCK_CAPTURE_AUTORELEASING = YES;
				CLANG_WARN_BOOL_CONVERSION = YES;
				CLANG_WARN_COMMA = YES;
				CLANG_WARN_CONSTANT_CONVERSION = YES;
				CLANG_WARN_DEPRECATED_OBJC_IMPLEMENTATIONS = YES;
				CLANG_WARN_DIRECT_OBJC_ISA_USAGE = YES_ERROR;
				CLANG_WARN_DOCUMENTATION_COMMENTS = YES;
				CLANG_WARN_EMPTY_BODY = YES;
				CLANG_WARN_ENUM_CONVERSION = YES;
				CLANG_WARN_INFINITE_RECURSION = YES;
				CLANG_WARN_INT_CONVERSION = YES;
				CLANG_WARN_NON_LITERAL_NULL_CONVERSION = YES;
				CLANG_WARN_OBJC_IMPLICIT_RETAIN_SELF = YES;
				CLANG_WARN_OBJC_LITERAL_CONVERSION = YES;
				CLANG_WARN_OBJC_ROOT_CLASS = YES_ERROR;
				CLANG_WARN_QUOTED_INCLUDE_IN_FRAMEWORK_HEADER = YES;
				CLANG_WARN_RANGE_LOOP_ANALYSIS = YES;
				CLANG_WARN_STRICT_PROTOTYPES = YES;
				CLANG_WARN_SUSPICIOUS_MOVE = YES;
				CLANG_WARN_UNGUARDED_AVAILABILITY = YES_AGGRESSIVE;
				CLANG_WARN_UNREACHABLE_CODE = YES;
				CLANG_WARN__DUPLICATE_METHOD_MATCH = YES;
				COPY_PHASE_STRIP = NO;
				DEAD_CODE_STRIPPING = YES;
				DEBUG_INFORMATION_FORMAT = "dwarf-with-dsym";
				ENABLE_NS_ASSERTIONS = NO;
				ENABLE_STRICT_OBJC_MSGSEND = YES;
				GCC_C_LANGUAGE_STANDARD = gnu11;
				GCC_NO_COMMON_BLOCKS = YES;
				GCC_WARN_64_TO_32_BIT_CONVERSION = YES;
				GCC_WARN_ABOUT_RETURN_TYPE = YES_ERROR;
				GCC_WARN_UNDECLARED_SELECTOR = YES;
				GCC_WARN_UNINITIALIZED_AUTOS = YES_AGGRESSIVE;
				GCC_WARN_UNUSED_FUNCTION = YES;
				GCC_WARN_UNUSED_VARIABLE = YES;
				MACOSX_DEPLOYMENT_TARGET = 12.2;
				MTL_ENABLE_DEBUG_INFO = NO;
				MTL_FAST_MATH = YES;
				SDKROOT = macosx;
				SWIFT_COMPILATION_MODE = wholemodule;
				SWIFT_OPTIMIZATION_LEVEL = "-O";
			};
			name = Release;
		};
		2A8A33D3284080E5006DF1D9 /* Debug */ = {
			isa = XCBuildConfiguration;
			buildSettings = {
				CODE_SIGN_IDENTITY = "-";
				CODE_SIGN_STYLE = Automatic;
				DEAD_CODE_STRIPPING = YES;
				DEVELOPMENT_TEAM = JVBAL8CV7V;
				ENABLE_HARDENED_RUNTIME = YES;
				PRODUCT_NAME = "$(TARGET_NAME)";
				SWIFT_VERSION = 5.0;
			};
			name = Debug;
		};
		2A8A33D4284080E5006DF1D9 /* Release */ = {
			isa = XCBuildConfiguration;
			buildSettings = {
				CODE_SIGN_IDENTITY = "-";
				CODE_SIGN_STYLE = Automatic;
				DEAD_CODE_STRIPPING = YES;
				DEVELOPMENT_TEAM = JVBAL8CV7V;
				ENABLE_HARDENED_RUNTIME = YES;
				PRODUCT_NAME = "$(TARGET_NAME)";
				SWIFT_VERSION = 5.0;
			};
			name = Release;
		};
/* End XCBuildConfiguration section */

/* Begin XCConfigurationList section */
		2A8A33C6284080E5006DF1D9 /* Build configuration list for PBXProject "algorithm" */ = {
			isa = XCConfigurationList;
			buildConfigurations = (
				2A8A33D0284080E5006DF1D9 /* Debug */,
				2A8A33D1284080E5006DF1D9 /* Release */,
			);
			defaultConfigurationIsVisible = 0;
			defaultConfigurationName = Release;
		};
		2A8A33D2284080E5006DF1D9 /* Build configuration list for PBXNativeTarget "algorithm" */ = {
			isa = XCConfigurationList;
			buildConfigurations = (
				2A8A33D3284080E5006DF1D9 /* Debug */,
				2A8A33D4284080E5006DF1D9 /* Release */,
			);
			defaultConfigurationIsVisible = 0;
			defaultConfigurationName = Release;
		};
/* End XCConfigurationList section */
	};
	rootObject = 2A8A33C3284080E5006DF1D9 /* Project object */;
}
